
Microsoft Visual Studio Solution File, Format Version 12.00
# Visual Studio 15
VisualStudioVersion = 15.0.28307.852
MinimumVisualStudioVersion = 10.0.40219.1
Project("{FAE04EC0-301F-11D3-BF4B-00C04F79EFBC}") = "ASPBasics", "ASPBasics\ASPBasics.csproj", "{01DF7B0B-F74D-4A1B-9B67-560B664AF0A8}"
EndProject
Global
	GlobalSection(SolutionConfigurationPlatforms) = preSolution
		Debug|Any CPU = Debug|Any CPU
		Release|Any CPU = Release|Any CPU
	EndGlobalSection
	GlobalSection(ProjectConfigurationPlatforms) = postSolution
		{01DF7B0B-F74D-4A1B-9B67-560B664AF0A8}.Debug|Any CPU.ActiveCfg = Debug|Any CPU
		{01DF7B0B-F74D-4A1B-9B67-560B664AF0A8}.Debug|Any CPU.Build.0 = Debug|Any CPU
		{01DF7B0B-F74D-4A1B-9B67-560B664AF0A8}.Release|Any CPU.ActiveCfg = Release|Any CPU
		{01DF7B0B-F74D-4A1B-9B67-560B664AF0A8}.Release|Any CPU.Build.0 = Release|Any CPU
	EndGlobalSection
	GlobalSection(SolutionProperties) = preSolution
		HideSolutionNode = FALSE
	EndGlobalSection
	GlobalSection(ExtensibilityGlobals) = postSolution
		SolutionGuid = {0221AD4C-1C12-4745-9933-535C8E18F8BA}
	EndGlobalSection
EndGlobal
